// !$*UTF8*$!
{
	archiveVersion = 1;
	classes = {
	};
	objectVersion = 55;
	objects = {

/* Begin PBXBuildFile section */
		0817B27028DDE47E0060DBFA /* AppDelegate.swift in Sources */ = {isa = PBXBuildFile; fileRef = 0817B26F28DDE47E0060DBFA /* AppDelegate.swift */; };
		0817B27228DDE47E0060DBFA /* SceneDelegate.swift in Sources */ = {isa = PBXBuildFile; fileRef = 0817B27128DDE47E0060DBFA /* SceneDelegate.swift */; };
		0817B27428DDE47E0060DBFA /* AuthenticationViewController.swift in Sources */ = {isa = PBXBuildFile; fileRef = 0817B27328DDE47E0060DBFA /* AuthenticationViewController.swift */; };
		0817B27728DDE47E0060DBFA /* Main.storyboard in Resources */ = {isa = PBXBuildFile; fileRef = 0817B27528DDE47E0060DBFA /* Main.storyboard */; };
		0817B27928DDE47F0060DBFA /* Assets.xcassets in Resources */ = {isa = PBXBuildFile; fileRef = 0817B27828DDE47F0060DBFA /* Assets.xcassets */; };
		0817B27C28DDE47F0060DBFA /* LaunchScreen.storyboard in Resources */ = {isa = PBXBuildFile; fileRef = 0817B27A28DDE47F0060DBFA /* LaunchScreen.storyboard */; };
		0817B28428DE07E20060DBFA /* AuthNetworkManager.swift in Sources */ = {isa = PBXBuildFile; fileRef = 0817B28328DE07E20060DBFA /* AuthNetworkManager.swift */; };
		0817B28728DE300D0060DBFA /* APIsModels.swift in Sources */ = {isa = PBXBuildFile; fileRef = 0817B28628DE300D0060DBFA /* APIsModels.swift */; };
		084694A128E1F45B003ACE30 /* Constans.swift in Sources */ = {isa = PBXBuildFile; fileRef = 084694A028E1F45B003ACE30 /* Constans.swift */; };
		084694A328E35086003ACE30 /* AccountModels.swift in Sources */ = {isa = PBXBuildFile; fileRef = 084694A228E35086003ACE30 /* AccountModels.swift */; };
		084BF80A28E5A88C001E3AB9 /* GenresViewController.swift in Sources */ = {isa = PBXBuildFile; fileRef = 084BF80928E5A88C001E3AB9 /* GenresViewController.swift */; };
		084BF80C28E5A9BD001E3AB9 /* GenresViewModel.swift in Sources */ = {isa = PBXBuildFile; fileRef = 084BF80B28E5A9BD001E3AB9 /* GenresViewModel.swift */; };
		084BF80E28E5AA7F001E3AB9 /* GenresModels.swift in Sources */ = {isa = PBXBuildFile; fileRef = 084BF80D28E5AA7F001E3AB9 /* GenresModels.swift */; };
		084BF81128E5B425001E3AB9 /* GenreTableViewCell.swift in Sources */ = {isa = PBXBuildFile; fileRef = 084BF80F28E5B425001E3AB9 /* GenreTableViewCell.swift */; };
		084BF81228E5B425001E3AB9 /* GenreTableViewCell.xib in Resources */ = {isa = PBXBuildFile; fileRef = 084BF81028E5B425001E3AB9 /* GenreTableViewCell.xib */; };
		084BF81528E5C2DD001E3AB9 /* GenresNetworkManager.swift in Sources */ = {isa = PBXBuildFile; fileRef = 084BF81428E5C2DD001E3AB9 /* GenresNetworkManager.swift */; };
		084BF81828E621CB001E3AB9 /* GenreCollectionViewCell.swift in Sources */ = {isa = PBXBuildFile; fileRef = 084BF81628E621CB001E3AB9 /* GenreCollectionViewCell.swift */; };
		084BF81928E621CB001E3AB9 /* GenreCollectionViewCell.xib in Resources */ = {isa = PBXBuildFile; fileRef = 084BF81728E621CB001E3AB9 /* GenreCollectionViewCell.xib */; };
		086E14DB28E0C3A400502117 /* AuthenticationViewModel.swift in Sources */ = {isa = PBXBuildFile; fileRef = 086E14DA28E0C3A400502117 /* AuthenticationViewModel.swift */; };
		08F9DFBD28EA1334004F590C /* Podfile in Resources */ = {isa = PBXBuildFile; fileRef = 08F9DFBC28EA1334004F590C /* Podfile */; };
		4A380AE1544C3A200C31F4D7 /* Pods_TheMovieDBapp.framework in Frameworks */ = {isa = PBXBuildFile; fileRef = 1FA8203D5A4BC43DE7B8DFA1 /* Pods_TheMovieDBapp.framework */; };
/* End PBXBuildFile section */

/* Begin PBXFileReference section */
		0817B26C28DDE47E0060DBFA /* TheMovieDBapp.app */ = {isa = PBXFileReference; explicitFileType = wrapper.application; includeInIndex = 0; path = TheMovieDBapp.app; sourceTree = BUILT_PRODUCTS_DIR; };
		0817B26F28DDE47E0060DBFA /* AppDelegate.swift */ = {isa = PBXFileReference; lastKnownFileType = sourcecode.swift; path = AppDelegate.swift; sourceTree = "<group>"; };
		0817B27128DDE47E0060DBFA /* SceneDelegate.swift */ = {isa = PBXFileReference; lastKnownFileType = sourcecode.swift; path = SceneDelegate.swift; sourceTree = "<group>"; };
		0817B27328DDE47E0060DBFA /* AuthenticationViewController.swift */ = {isa = PBXFileReference; lastKnownFileType = sourcecode.swift; path = AuthenticationViewController.swift; sourceTree = "<group>"; };
		0817B27628DDE47E0060DBFA /* Base */ = {isa = PBXFileReference; lastKnownFileType = file.storyboard; name = Base; path = Base.lproj/Main.storyboard; sourceTree = "<group>"; };
		0817B27828DDE47F0060DBFA /* Assets.xcassets */ = {isa = PBXFileReference; lastKnownFileType = folder.assetcatalog; path = Assets.xcassets; sourceTree = "<group>"; };
		0817B27B28DDE47F0060DBFA /* Base */ = {isa = PBXFileReference; lastKnownFileType = file.storyboard; name = Base; path = Base.lproj/LaunchScreen.storyboard; sourceTree = "<group>"; };
		0817B27D28DDE47F0060DBFA /* Info.plist */ = {isa = PBXFileReference; lastKnownFileType = text.plist.xml; path = Info.plist; sourceTree = "<group>"; };
		0817B28328DE07E20060DBFA /* AuthNetworkManager.swift */ = {isa = PBXFileReference; lastKnownFileType = sourcecode.swift; path = AuthNetworkManager.swift; sourceTree = "<group>"; };
		0817B28628DE300D0060DBFA /* APIsModels.swift */ = {isa = PBXFileReference; lastKnownFileType = sourcecode.swift; path = APIsModels.swift; sourceTree = "<group>"; };
		084694A028E1F45B003ACE30 /* Constans.swift */ = {isa = PBXFileReference; lastKnownFileType = sourcecode.swift; path = Constans.swift; sourceTree = "<group>"; };
		084694A228E35086003ACE30 /* AccountModels.swift */ = {isa = PBXFileReference; lastKnownFileType = sourcecode.swift; path = AccountModels.swift; sourceTree = "<group>"; };
		084BF80928E5A88C001E3AB9 /* GenresViewController.swift */ = {isa = PBXFileReference; lastKnownFileType = sourcecode.swift; path = GenresViewController.swift; sourceTree = "<group>"; };
		084BF80B28E5A9BD001E3AB9 /* GenresViewModel.swift */ = {isa = PBXFileReference; lastKnownFileType = sourcecode.swift; path = GenresViewModel.swift; sourceTree = "<group>"; };
		084BF80D28E5AA7F001E3AB9 /* GenresModels.swift */ = {isa = PBXFileReference; lastKnownFileType = sourcecode.swift; path = GenresModels.swift; sourceTree = "<group>"; };
		084BF80F28E5B425001E3AB9 /* GenreTableViewCell.swift */ = {isa = PBXFileReference; lastKnownFileType = sourcecode.swift; path = GenreTableViewCell.swift; sourceTree = "<group>"; };
		084BF81028E5B425001E3AB9 /* GenreTableViewCell.xib */ = {isa = PBXFileReference; lastKnownFileType = file.xib; path = GenreTableViewCell.xib; sourceTree = "<group>"; };
		084BF81428E5C2DD001E3AB9 /* GenresNetworkManager.swift */ = {isa = PBXFileReference; lastKnownFileType = sourcecode.swift; path = GenresNetworkManager.swift; sourceTree = "<group>"; };
		084BF81628E621CB001E3AB9 /* GenreCollectionViewCell.swift */ = {isa = PBXFileReference; lastKnownFileType = sourcecode.swift; path = GenreCollectionViewCell.swift; sourceTree = "<group>"; };
		084BF81728E621CB001E3AB9 /* GenreCollectionViewCell.xib */ = {isa = PBXFileReference; lastKnownFileType = file.xib; path = GenreCollectionViewCell.xib; sourceTree = "<group>"; };
		086E14DA28E0C3A400502117 /* AuthenticationViewModel.swift */ = {isa = PBXFileReference; lastKnownFileType = sourcecode.swift; path = AuthenticationViewModel.swift; sourceTree = "<group>"; };
		08F9DFBC28EA1334004F590C /* Podfile */ = {isa = PBXFileReference; fileEncoding = 4; lastKnownFileType = text; path = Podfile; sourceTree = SOURCE_ROOT; };
		1FA8203D5A4BC43DE7B8DFA1 /* Pods_TheMovieDBapp.framework */ = {isa = PBXFileReference; explicitFileType = wrapper.framework; includeInIndex = 0; path = Pods_TheMovieDBapp.framework; sourceTree = BUILT_PRODUCTS_DIR; };
		5731CE2D2083915BBD31BD3B /* Pods-TheMovieDBapp.release.xcconfig */ = {isa = PBXFileReference; includeInIndex = 1; lastKnownFileType = text.xcconfig; name = "Pods-TheMovieDBapp.release.xcconfig"; path = "Target Support Files/Pods-TheMovieDBapp/Pods-TheMovieDBapp.release.xcconfig"; sourceTree = "<group>"; };
		A95AE42D4DE84568AE753BC3 /* Pods-TheMovieDBapp.debug.xcconfig */ = {isa = PBXFileReference; includeInIndex = 1; lastKnownFileType = text.xcconfig; name = "Pods-TheMovieDBapp.debug.xcconfig"; path = "Target Support Files/Pods-TheMovieDBapp/Pods-TheMovieDBapp.debug.xcconfig"; sourceTree = "<group>"; };
/* End PBXFileReference section */

/* Begin PBXFrameworksBuildPhase section */
		0817B26928DDE47E0060DBFA /* Frameworks */ = {
			isa = PBXFrameworksBuildPhase;
			buildActionMask = 2147483647;
			files = (
				4A380AE1544C3A200C31F4D7 /* Pods_TheMovieDBapp.framework in Frameworks */,
			);
			runOnlyForDeploymentPostprocessing = 0;
		};
/* End PBXFrameworksBuildPhase section */

/* Begin PBXGroup section */
		0817B26328DDE47E0060DBFA = {
			isa = PBXGroup;
			children = (
				0817B26E28DDE47E0060DBFA /* TheMovieDBapp */,
				0817B26D28DDE47E0060DBFA /* Products */,
				E374EA4C5362D4ABA2A26C31 /* Pods */,
				EA420CA50E01E0D553B9D7FB /* Frameworks */,
			);
			sourceTree = "<group>";
		};
		0817B26D28DDE47E0060DBFA /* Products */ = {
			isa = PBXGroup;
			children = (
				0817B26C28DDE47E0060DBFA /* TheMovieDBapp.app */,
			);
			name = Products;
			sourceTree = "<group>";
		};
		0817B26E28DDE47E0060DBFA /* TheMovieDBapp */ = {
			isa = PBXGroup;
			children = (
				086E14D828E0C2C600502117 /* ViewModels */,
				086E14D728E0C2AB00502117 /* Views */,
				0817B28528DE2FF40060DBFA /* Models */,
				084BF81328E5C291001E3AB9 /* Managers */,
				084694A028E1F45B003ACE30 /* Constans.swift */,
				0817B26F28DDE47E0060DBFA /* AppDelegate.swift */,
				0817B27128DDE47E0060DBFA /* SceneDelegate.swift */,
				0817B27828DDE47F0060DBFA /* Assets.xcassets */,
				0817B27D28DDE47F0060DBFA /* Info.plist */,
				08F9DFBC28EA1334004F590C /* Podfile */,
			);
			path = TheMovieDBapp;
			sourceTree = "<group>";
		};
		0817B28528DE2FF40060DBFA /* Models */ = {
			isa = PBXGroup;
			children = (
				0817B28628DE300D0060DBFA /* APIsModels.swift */,
				084694A228E35086003ACE30 /* AccountModels.swift */,
				084BF80D28E5AA7F001E3AB9 /* GenresModels.swift */,
			);
			path = Models;
			sourceTree = "<group>";
		};
		084BF80828E5A6D5001E3AB9 /* GenresViews */ = {
			isa = PBXGroup;
			children = (
				084BF80928E5A88C001E3AB9 /* GenresViewController.swift */,
				084BF80F28E5B425001E3AB9 /* GenreTableViewCell.swift */,
				084BF81028E5B425001E3AB9 /* GenreTableViewCell.xib */,
				084BF81628E621CB001E3AB9 /* GenreCollectionViewCell.swift */,
				084BF81728E621CB001E3AB9 /* GenreCollectionViewCell.xib */,
			);
			path = GenresViews;
			sourceTree = "<group>";
		};
		084BF81328E5C291001E3AB9 /* Managers */ = {
			isa = PBXGroup;
			children = (
				0817B28328DE07E20060DBFA /* AuthNetworkManager.swift */,
				084BF81428E5C2DD001E3AB9 /* GenresNetworkManager.swift */,
			);
			path = Managers;
			sourceTree = "<group>";
		};
		086E14D728E0C2AB00502117 /* Views */ = {
			isa = PBXGroup;
			children = (
				084BF80828E5A6D5001E3AB9 /* GenresViews */,
				0817B27328DDE47E0060DBFA /* AuthenticationViewController.swift */,
				086E14D928E0C2DD00502117 /* Storyboards */,
			);
			path = Views;
			sourceTree = "<group>";
		};
		086E14D828E0C2C600502117 /* ViewModels */ = {
			isa = PBXGroup;
			children = (
				086E14DA28E0C3A400502117 /* AuthenticationViewModel.swift */,
				084BF80B28E5A9BD001E3AB9 /* GenresViewModel.swift */,
			);
			path = ViewModels;
			sourceTree = "<group>";
		};
		086E14D928E0C2DD00502117 /* Storyboards */ = {
			isa = PBXGroup;
			children = (
				0817B27528DDE47E0060DBFA /* Main.storyboard */,
				0817B27A28DDE47F0060DBFA /* LaunchScreen.storyboard */,
			);
			path = Storyboards;
			sourceTree = "<group>";
		};
		E374EA4C5362D4ABA2A26C31 /* Pods */ = {
			isa = PBXGroup;
			children = (
				A95AE42D4DE84568AE753BC3 /* Pods-TheMovieDBapp.debug.xcconfig */,
				5731CE2D2083915BBD31BD3B /* Pods-TheMovieDBapp.release.xcconfig */,
			);
			path = Pods;
			sourceTree = "<group>";
		};
		EA420CA50E01E0D553B9D7FB /* Frameworks */ = {
			isa = PBXGroup;
			children = (
				1FA8203D5A4BC43DE7B8DFA1 /* Pods_TheMovieDBapp.framework */,
			);
			name = Frameworks;
			sourceTree = "<group>";
		};
/* End PBXGroup section */

/* Begin PBXNativeTarget section */
		0817B26B28DDE47E0060DBFA /* TheMovieDBapp */ = {
			isa = PBXNativeTarget;
			buildConfigurationList = 0817B28028DDE47F0060DBFA /* Build configuration list for PBXNativeTarget "TheMovieDBapp" */;
			buildPhases = (
				73E212210F73C373C5D7C194 /* [CP] Check Pods Manifest.lock */,
				0817B26828DDE47E0060DBFA /* Sources */,
				0817B26928DDE47E0060DBFA /* Frameworks */,
				0817B26A28DDE47E0060DBFA /* Resources */,
				086E14D428E0A26C00502117 /* ShellScript */,
				621BA3D6EB79A1BF56B7C5B4 /* [CP] Embed Pods Frameworks */,
			);
			buildRules = (
			);
			dependencies = (
			);
			name = TheMovieDBapp;
			productName = TheMovieDBapp;
			productReference = 0817B26C28DDE47E0060DBFA /* TheMovieDBapp.app */;
			productType = "com.apple.product-type.application";
		};
/* End PBXNativeTarget section */

/* Begin PBXProject section */
		0817B26428DDE47E0060DBFA /* Project object */ = {
			isa = PBXProject;
			attributes = {
				BuildIndependentTargetsInParallel = 1;
				LastSwiftUpdateCheck = 1340;
				LastUpgradeCheck = 1340;
				TargetAttributes = {
					0817B26B28DDE47E0060DBFA = {
						CreatedOnToolsVersion = 13.4.1;
					};
				};
			};
			buildConfigurationList = 0817B26728DDE47E0060DBFA /* Build configuration list for PBXProject "TheMovieDBapp" */;
			compatibilityVersion = "Xcode 13.0";
			developmentRegion = en;
			hasScannedForEncodings = 0;
			knownRegions = (
				en,
				Base,
			);
			mainGroup = 0817B26328DDE47E0060DBFA;
			productRefGroup = 0817B26D28DDE47E0060DBFA /* Products */;
			projectDirPath = "";
			projectRoot = "";
			targets = (
				0817B26B28DDE47E0060DBFA /* TheMovieDBapp */,
			);
		};
/* End PBXProject section */

/* Begin PBXResourcesBuildPhase section */
		0817B26A28DDE47E0060DBFA /* Resources */ = {
			isa = PBXResourcesBuildPhase;
			buildActionMask = 2147483647;
			files = (
				08F9DFBD28EA1334004F590C /* Podfile in Resources */,
				0817B27C28DDE47F0060DBFA /* LaunchScreen.storyboard in Resources */,
				0817B27928DDE47F0060DBFA /* Assets.xcassets in Resources */,
				084BF81928E621CB001E3AB9 /* GenreCollectionViewCell.xib in Resources */,
				0817B27728DDE47E0060DBFA /* Main.storyboard in Resources */,
				084BF81228E5B425001E3AB9 /* GenreTableViewCell.xib in Resources */,
			);
			runOnlyForDeploymentPostprocessing = 0;
		};
/* End PBXResourcesBuildPhase section */

/* Begin PBXShellScriptBuildPhase section */
		086E14D428E0A26C00502117 /* ShellScript */ = {
			isa = PBXShellScriptBuildPhase;
			buildActionMask = 2147483647;
			files = (
			);
			inputFileListPaths = (
			);
			inputPaths = (
			);
			outputFileListPaths = (
			);
			outputPaths = (
			);
			runOnlyForDeploymentPostprocessing = 0;
			shellPath = /bin/sh;
			shellScript = "export PATH=\"$PATH:/opt/homebrew/bin\"\nif which swiftlint >/dev/null; then\n  swiftlint\nelse\n  echo \"warning: SwiftLint not installed, download from https://github.com/realm/SwiftLint\"\nfi\n";
		};
		621BA3D6EB79A1BF56B7C5B4 /* [CP] Embed Pods Frameworks */ = {
			isa = PBXShellScriptBuildPhase;
			buildActionMask = 2147483647;
			files = (
			);
			inputFileListPaths = (
				"${PODS_ROOT}/Target Support Files/Pods-TheMovieDBapp/Pods-TheMovieDBapp-frameworks-${CONFIGURATION}-input-files.xcfilelist",
			);
			name = "[CP] Embed Pods Frameworks";
			outputFileListPaths = (
				"${PODS_ROOT}/Target Support Files/Pods-TheMovieDBapp/Pods-TheMovieDBapp-frameworks-${CONFIGURATION}-output-files.xcfilelist",
			);
			runOnlyForDeploymentPostprocessing = 0;
			shellPath = /bin/sh;
			shellScript = "\"${PODS_ROOT}/Target Support Files/Pods-TheMovieDBapp/Pods-TheMovieDBapp-frameworks.sh\"\n";
			showEnvVarsInLog = 0;
		};
		73E212210F73C373C5D7C194 /* [CP] Check Pods Manifest.lock */ = {
			isa = PBXShellScriptBuildPhase;
			buildActionMask = 2147483647;
			files = (
			);
			inputFileListPaths = (
			);
			inputPaths = (
				"${PODS_PODFILE_DIR_PATH}/Podfile.lock",
				"${PODS_ROOT}/Manifest.lock",
			);
			name = "[CP] Check Pods Manifest.lock";
			outputFileListPaths = (
			);
			outputPaths = (
				"$(DERIVED_FILE_DIR)/Pods-TheMovieDBapp-checkManifestLockResult.txt",
			);
			runOnlyForDeploymentPostprocessing = 0;
			shellPath = /bin/sh;
			shellScript = "diff \"${PODS_PODFILE_DIR_PATH}/Podfile.lock\" \"${PODS_ROOT}/Manifest.lock\" > /dev/null\nif [ $? != 0 ] ; then\n    # print error to STDERR\n    echo \"error: The sandbox is not in sync with the Podfile.lock. Run 'pod install' or update your CocoaPods installation.\" >&2\n    exit 1\nfi\n# This output is used by Xcode 'outputs' to avoid re-running this script phase.\necho \"SUCCESS\" > \"${SCRIPT_OUTPUT_FILE_0}\"\n";
			showEnvVarsInLog = 0;
		};
/* End PBXShellScriptBuildPhase section */

/* Begin PBXSourcesBuildPhase section */
		0817B26828DDE47E0060DBFA /* Sources */ = {
			isa = PBXSourcesBuildPhase;
			buildActionMask = 2147483647;
			files = (
				084BF80A28E5A88C001E3AB9 /* GenresViewController.swift in Sources */,
				084BF80E28E5AA7F001E3AB9 /* GenresModels.swift in Sources */,
				086E14DB28E0C3A400502117 /* AuthenticationViewModel.swift in Sources */,
				0817B28428DE07E20060DBFA /* AuthNetworkManager.swift in Sources */,
				084694A128E1F45B003ACE30 /* Constans.swift in Sources */,
				0817B27428DDE47E0060DBFA /* AuthenticationViewController.swift in Sources */,
				084BF81828E621CB001E3AB9 /* GenreCollectionViewCell.swift in Sources */,
				084694A328E35086003ACE30 /* AccountModels.swift in Sources */,
				0817B27028DDE47E0060DBFA /* AppDelegate.swift in Sources */,
				0817B28728DE300D0060DBFA /* APIsModels.swift in Sources */,
				084BF81128E5B425001E3AB9 /* GenreTableViewCell.swift in Sources */,
				0817B27228DDE47E0060DBFA /* SceneDelegate.swift in Sources */,
				084BF81528E5C2DD001E3AB9 /* GenresNetworkManager.swift in Sources */,
				084BF80C28E5A9BD001E3AB9 /* GenresViewModel.swift in Sources */,
			);
			runOnlyForDeploymentPostprocessing = 0;
		};
/* End PBXSourcesBuildPhase section */

/* Begin PBXVariantGroup section */
		0817B27528DDE47E0060DBFA /* Main.storyboard */ = {
			isa = PBXVariantGroup;
			children = (
				0817B27628DDE47E0060DBFA /* Base */,
			);
			name = Main.storyboard;
			sourceTree = "<group>";
		};
		0817B27A28DDE47F0060DBFA /* LaunchScreen.storyboard */ = {
			isa = PBXVariantGroup;
			children = (
				0817B27B28DDE47F0060DBFA /* Base */,
			);
			name = LaunchScreen.storyboard;
			sourceTree = "<group>";
		};
/* End PBXVariantGroup section */

/* Begin XCBuildConfiguration section */
		0817B27E28DDE47F0060DBFA /* Debug */ = {
			isa = XCBuildConfiguration;
			buildSettings = {
				ALWAYS_SEARCH_USER_PATHS = NO;
				CLANG_ANALYZER_NONNULL = YES;
				CLANG_ANALYZER_NUMBER_OBJECT_CONVERSION = YES_AGGRESSIVE;
				CLANG_CXX_LANGUAGE_STANDARD = "gnu++17";
				CLANG_ENABLE_MODULES = YES;
				CLANG_ENABLE_OBJC_ARC = YES;
				CLANG_ENABLE_OBJC_WEAK = YES;
				CLANG_WARN_BLOCK_CAPTURE_AUTORELEASING = YES;
				CLANG_WARN_BOOL_CONVERSION = YES;
				CLANG_WARN_COMMA = YES;
				CLANG_WARN_CONSTANT_CONVERSION = YES;
				CLANG_WARN_DEPRECATED_OBJC_IMPLEMENTATIONS = YES;
				CLANG_WARN_DIRECT_OBJC_ISA_USAGE = YES_ERROR;
				CLANG_WARN_DOCUMENTATION_COMMENTS = YES;
				CLANG_WARN_EMPTY_BODY = YES;
				CLANG_WARN_ENUM_CONVERSION = YES;
				CLANG_WARN_INFINITE_RECURSION = YES;
				CLANG_WARN_INT_CONVERSION = YES;
				CLANG_WARN_NON_LITERAL_NULL_CONVERSION = YES;
				CLANG_WARN_OBJC_IMPLICIT_RETAIN_SELF = YES;
				CLANG_WARN_OBJC_LITERAL_CONVERSION = YES;
				CLANG_WARN_OBJC_ROOT_CLASS = YES_ERROR;
				CLANG_WARN_QUOTED_INCLUDE_IN_FRAMEWORK_HEADER = YES;
				CLANG_WARN_RANGE_LOOP_ANALYSIS = YES;
				CLANG_WARN_STRICT_PROTOTYPES = YES;
				CLANG_WARN_SUSPICIOUS_MOVE = YES;
				CLANG_WARN_UNGUARDED_AVAILABILITY = YES_AGGRESSIVE;
				CLANG_WARN_UNREACHABLE_CODE = YES;
				CLANG_WARN__DUPLICATE_METHOD_MATCH = YES;
				COPY_PHASE_STRIP = NO;
				DEBUG_INFORMATION_FORMAT = dwarf;
				ENABLE_STRICT_OBJC_MSGSEND = YES;
				ENABLE_TESTABILITY = YES;
				GCC_C_LANGUAGE_STANDARD = gnu11;
				GCC_DYNAMIC_NO_PIC = NO;
				GCC_NO_COMMON_BLOCKS = YES;
				GCC_OPTIMIZATION_LEVEL = 0;
				GCC_PREPROCESSOR_DEFINITIONS = (
					"DEBUG=1",
					"$(inherited)",
				);
				GCC_WARN_64_TO_32_BIT_CONVERSION = YES;
				GCC_WARN_ABOUT_RETURN_TYPE = YES_ERROR;
				GCC_WARN_UNDECLARED_SELECTOR = YES;
				GCC_WARN_UNINITIALIZED_AUTOS = YES_AGGRESSIVE;
				GCC_WARN_UNUSED_FUNCTION = YES;
				GCC_WARN_UNUSED_VARIABLE = YES;
				IPHONEOS_DEPLOYMENT_TARGET = 15.5;
				MTL_ENABLE_DEBUG_INFO = INCLUDE_SOURCE;
				MTL_FAST_MATH = YES;
				ONLY_ACTIVE_ARCH = YES;
				SDKROOT = iphoneos;
				SWIFT_ACTIVE_COMPILATION_CONDITIONS = DEBUG;
				SWIFT_OPTIMIZATION_LEVEL = "-Onone";
			};
			name = Debug;
		};
		0817B27F28DDE47F0060DBFA /* Release */ = {
			isa = XCBuildConfiguration;
			buildSettings = {
				ALWAYS_SEARCH_USER_PATHS = NO;
				CLANG_ANALYZER_NONNULL = YES;
				CLANG_ANALYZER_NUMBER_OBJECT_CONVERSION = YES_AGGRESSIVE;
				CLANG_CXX_LANGUAGE_STANDARD = "gnu++17";
				CLANG_ENABLE_MODULES = YES;
				CLANG_ENABLE_OBJC_ARC = YES;
				CLANG_ENABLE_OBJC_WEAK = YES;
				CLANG_WARN_BLOCK_CAPTURE_AUTORELEASING = YES;
				CLANG_WARN_BOOL_CONVERSION = YES;
				CLANG_WARN_COMMA = YES;
				CLANG_WARN_CONSTANT_CONVERSION = YES;
				CLANG_WARN_DEPRECATED_OBJC_IMPLEMENTATIONS = YES;
				CLANG_WARN_DIRECT_OBJC_ISA_USAGE = YES_ERROR;
				CLANG_WARN_DOCUMENTATION_COMMENTS = YES;
				CLANG_WARN_EMPTY_BODY = YES;
				CLANG_WARN_ENUM_CONVERSION = YES;
				CLANG_WARN_INFINITE_RECURSION = YES;
				CLANG_WARN_INT_CONVERSION = YES;
				CLANG_WARN_NON_LITERAL_NULL_CONVERSION = YES;
				CLANG_WARN_OBJC_IMPLICIT_RETAIN_SELF = YES;
				CLANG_WARN_OBJC_LITERAL_CONVERSION = YES;
				CLANG_WARN_OBJC_ROOT_CLASS = YES_ERROR;
				CLANG_WARN_QUOTED_INCLUDE_IN_FRAMEWORK_HEADER = YES;
				CLANG_WARN_RANGE_LOOP_ANALYSIS = YES;
				CLANG_WARN_STRICT_PROTOTYPES = YES;
				CLANG_WARN_SUSPICIOUS_MOVE = YES;
				CLANG_WARN_UNGUARDED_AVAILABILITY = YES_AGGRESSIVE;
				CLANG_WARN_UNREACHABLE_CODE = YES;
				CLANG_WARN__DUPLICATE_METHOD_MATCH = YES;
				COPY_PHASE_STRIP = NO;
				DEBUG_INFORMATION_FORMAT = "dwarf-with-dsym";
				ENABLE_NS_ASSERTIONS = NO;
				ENABLE_STRICT_OBJC_MSGSEND = YES;
				GCC_C_LANGUAGE_STANDARD = gnu11;
				GCC_NO_COMMON_BLOCKS = YES;
				GCC_WARN_64_TO_32_BIT_CONVERSION = YES;
				GCC_WARN_ABOUT_RETURN_TYPE = YES_ERROR;
				GCC_WARN_UNDECLARED_SELECTOR = YES;
				GCC_WARN_UNINITIALIZED_AUTOS = YES_AGGRESSIVE;
				GCC_WARN_UNUSED_FUNCTION = YES;
				GCC_WARN_UNUSED_VARIABLE = YES;
				IPHONEOS_DEPLOYMENT_TARGET = 15.5;
				MTL_ENABLE_DEBUG_INFO = NO;
				MTL_FAST_MATH = YES;
				SDKROOT = iphoneos;
				SWIFT_COMPILATION_MODE = wholemodule;
				SWIFT_OPTIMIZATION_LEVEL = "-O";
				VALIDATE_PRODUCT = YES;
			};
			name = Release;
		};
		0817B28128DDE47F0060DBFA /* Debug */ = {
			isa = XCBuildConfiguration;
			baseConfigurationReference = A95AE42D4DE84568AE753BC3 /* Pods-TheMovieDBapp.debug.xcconfig */;
			buildSettings = {
				ASSETCATALOG_COMPILER_APPICON_NAME = AppIcon;
				ASSETCATALOG_COMPILER_GLOBAL_ACCENT_COLOR_NAME = AccentColor;
				CODE_SIGN_STYLE = Automatic;
				CURRENT_PROJECT_VERSION = 1;
				DEVELOPMENT_TEAM = 82JRS96G7R;
				GENERATE_INFOPLIST_FILE = YES;
				INFOPLIST_FILE = TheMovieDBapp/Info.plist;
				INFOPLIST_KEY_UIApplicationSupportsIndirectInputEvents = YES;
				INFOPLIST_KEY_UILaunchStoryboardName = LaunchScreen;
				INFOPLIST_KEY_UIMainStoryboardFile = Main;
				INFOPLIST_KEY_UISupportedInterfaceOrientations_iPad = "UIInterfaceOrientationPortrait UIInterfaceOrientationPortraitUpsideDown UIInterfaceOrientationLandscapeLeft UIInterfaceOrientationLandscapeRight";
				INFOPLIST_KEY_UISupportedInterfaceOrientations_iPhone = "UIInterfaceOrientationPortrait UIInterfaceOrientationLandscapeLeft UIInterfaceOrientationLandscapeRight";
				LD_RUNPATH_SEARCH_PATHS = (
					"$(inherited)",
					"@executable_path/Frameworks",
				);
				MARKETING_VERSION = 1.0;
				PRODUCT_BUNDLE_IDENTIFIER = "Molodets-Serhii.TheMovieDBapp";
				PRODUCT_NAME = "$(TARGET_NAME)";
				SWIFT_EMIT_LOC_STRINGS = YES;
				SWIFT_VERSION = 5.0;
				TARGETED_DEVICE_FAMILY = "1,2";
			};
			name = Debug;
		};
		0817B28228DDE47F0060DBFA /* Release */ = {
			isa = XCBuildConfiguration;
			baseConfigurationReference = 5731CE2D2083915BBD31BD3B /* Pods-TheMovieDBapp.release.xcconfig */;
			buildSettings = {
				ASSETCATALOG_COMPILER_APPICON_NAME = AppIcon;
				ASSETCATALOG_COMPILER_GLOBAL_ACCENT_COLOR_NAME = AccentColor;
				CODE_SIGN_STYLE = Automatic;
				CURRENT_PROJECT_VERSION = 1;
				DEVELOPMENT_TEAM = 82JRS96G7R;
				GENERATE_INFOPLIST_FILE = YES;
				INFOPLIST_FILE = TheMovieDBapp/Info.plist;
				INFOPLIST_KEY_UIApplicationSupportsIndirectInputEvents = YES;
				INFOPLIST_KEY_UILaunchStoryboardName = LaunchScreen;
				INFOPLIST_KEY_UIMainStoryboardFile = Main;
				INFOPLIST_KEY_UISupportedInterfaceOrientations_iPad = "UIInterfaceOrientationPortrait UIInterfaceOrientationPortraitUpsideDown UIInterfaceOrientationLandscapeLeft UIInterfaceOrientationLandscapeRight";
				INFOPLIST_KEY_UISupportedInterfaceOrientations_iPhone = "UIInterfaceOrientationPortrait UIInterfaceOrientationLandscapeLeft UIInterfaceOrientationLandscapeRight";
				LD_RUNPATH_SEARCH_PATHS = (
					"$(inherited)",
					"@executable_path/Frameworks",
				);
				MARKETING_VERSION = 1.0;
				PRODUCT_BUNDLE_IDENTIFIER = "Molodets-Serhii.TheMovieDBapp";
				PRODUCT_NAME = "$(TARGET_NAME)";
				SWIFT_EMIT_LOC_STRINGS = YES;
				SWIFT_VERSION = 5.0;
				TARGETED_DEVICE_FAMILY = "1,2";
			};
			name = Release;
		};
/* End XCBuildConfiguration section */

/* Begin XCConfigurationList section */
		0817B26728DDE47E0060DBFA /* Build configuration list for PBXProject "TheMovieDBapp" */ = {
			isa = XCConfigurationList;
			buildConfigurations = (
				0817B27E28DDE47F0060DBFA /* Debug */,
				0817B27F28DDE47F0060DBFA /* Release */,
			);
			defaultConfigurationIsVisible = 0;
			defaultConfigurationName = Release;
		};
		0817B28028DDE47F0060DBFA /* Build configuration list for PBXNativeTarget "TheMovieDBapp" */ = {
			isa = XCConfigurationList;
			buildConfigurations = (
				0817B28128DDE47F0060DBFA /* Debug */,
				0817B28228DDE47F0060DBFA /* Release */,
			);
			defaultConfigurationIsVisible = 0;
			defaultConfigurationName = Release;
		};
/* End XCConfigurationList section */
	};
	rootObject = 0817B26428DDE47E0060DBFA /* Project object */;
}
