PODS:
  - SDWebImage (5.13.3):
    - SDWebImage/Core (= 5.13.3)
  - SDWebImage/Core (5.13.3)

DEPENDENCIES:
  - SDWebImage

SPEC REPOS:
  trunk:
    - SDWebImage

SPEC CHECKSUMS:
  SDWebImage: af5bbffef2cde09f148d826f9733dcde1a9414cd

PODFILE CHECKSUM: 3ec4b842bc50d04c136d777de72e42931cdecd18

COCOAPODS: 1.11.3
